// !$*UTF8*$!
{
	archiveVersion = 1;
	classes = {
	};
	objectVersion = 48;
	objects = {

/* Begin PBXBuildFile section */
		18805F071F20790500AA3936 /* AppDelegate.m in Sources */ = {isa = PBXBuildFile; fileRef = 18805F061F20790500AA3936 /* AppDelegate.m */; };
		18805F0A1F20790500AA3936 /* ViewController.m in Sources */ = {isa = PBXBuildFile; fileRef = 18805F091F20790500AA3936 /* ViewController.m */; };
		18805F0D1F20790600AA3936 /* Main.storyboard in Resources */ = {isa = PBXBuildFile; fileRef = 18805F0B1F20790600AA3936 /* Main.storyboard */; };
		18805F0F1F20790600AA3936 /* Assets.xcassets in Resources */ = {isa = PBXBuildFile; fileRef = 18805F0E1F20790600AA3936 /* Assets.xcassets */; };
		18805F121F20790600AA3936 /* LaunchScreen.storyboard in Resources */ = {isa = PBXBuildFile; fileRef = 18805F101F20790600AA3936 /* LaunchScreen.storyboard */; };
		18805F151F20790600AA3936 /* main.m in Sources */ = {isa = PBXBuildFile; fileRef = 18805F141F20790600AA3936 /* main.m */; };
/* End PBXBuildFile section */

/* Begin PBXFileReference section */
		18805F021F20790500AA3936 /* Runtime Method IMP Intro.app */ = {isa = PBXFileReference; explicitFileType = wrapper.application; includeInIndex = 0; path = "Runtime Method IMP Intro.app"; sourceTree = BUILT_PRODUCTS_DIR; };
		18805F051F20790500AA3936 /* AppDelegate.h */ = {isa = PBXFileReference; lastKnownFileType = sourcecode.c.h; path = AppDelegate.h; sourceTree = "<group>"; };
		18805F061F20790500AA3936 /* AppDelegate.m */ = {isa = PBXFileReference; lastKnownFileType = sourcecode.c.objc; path = AppDelegate.m; sourceTree = "<group>"; };
		18805F081F20790500AA3936 /* ViewController.h */ = {isa = PBXFileReference; lastKnownFileType = sourcecode.c.h; path = ViewController.h; sourceTree = "<group>"; };
		18805F091F20790500AA3936 /* ViewController.m */ = {isa = PBXFileReference; lastKnownFileType = sourcecode.c.objc; path = ViewController.m; sourceTree = "<group>"; };
		18805F0C1F20790600AA3936 /* Base */ = {isa = PBXFileReference; lastKnownFileType = file.storyboard; name = Base; path = Base.lproj/Main.storyboard; sourceTree = "<group>"; };
		18805F0E1F20790600AA3936 /* Assets.xcassets */ = {isa = PBXFileReference; lastKnownFileType = folder.assetcatalog; path = Assets.xcassets; sourceTree = "<group>"; };
		18805F111F20790600AA3936 /* Base */ = {isa = PBXFileReference; lastKnownFileType = file.storyboard; name = Base; path = Base.lproj/LaunchScreen.storyboard; sourceTree = "<group>"; };
		18805F131F20790600AA3936 /* Info.plist */ = {isa = PBXFileReference; lastKnownFileType = text.plist.xml; path = Info.plist; sourceTree = "<group>"; };
		18805F141F20790600AA3936 /* main.m */ = {isa = PBXFileReference; lastKnownFileType = sourcecode.c.objc; path = main.m; sourceTree = "<group>"; };
/* End PBXFileReference section */

/* Begin PBXFrameworksBuildPhase section */
		18805EFF1F20790500AA3936 /* Frameworks */ = {
			isa = PBXFrameworksBuildPhase;
			buildActionMask = 2147483647;
			files = (
			);
			runOnlyForDeploymentPostprocessing = 0;
		};
/* End PBXFrameworksBuildPhase section */

/* Begin PBXGroup section */
		18805EF91F20790500AA3936 = {
			isa = PBXGroup;
			children = (
				18805F041F20790500AA3936 /* Runtime Method IMP Intro */,
				18805F031F20790500AA3936 /* Products */,
			);
			sourceTree = "<group>";
		};
		18805F031F20790500AA3936 /* Products */ = {
			isa = PBXGroup;
			children = (
				18805F021F20790500AA3936 /* Runtime Method IMP Intro.app */,
			);
			name = Products;
			sourceTree = "<group>";
		};
		18805F041F20790500AA3936 /* Runtime Method IMP Intro */ = {
			isa = PBXGroup;
			children = (
				18805F051F20790500AA3936 /* AppDelegate.h */,
				18805F061F20790500AA3936 /* AppDelegate.m */,
				18805F081F20790500AA3936 /* ViewController.h */,
				18805F091F20790500AA3936 /* ViewController.m */,
				18805F0B1F20790600AA3936 /* Main.storyboard */,
				18805F0E1F20790600AA3936 /* Assets.xcassets */,
				18805F101F20790600AA3936 /* LaunchScreen.storyboard */,
				18805F131F20790600AA3936 /* Info.plist */,
				18805F141F20790600AA3936 /* main.m */,
			);
			path = "Runtime Method IMP Intro";
			sourceTree = "<group>";
		};
/* End PBXGroup section */

/* Begin PBXNativeTarget section */
		18805F011F20790500AA3936 /* Runtime Method IMP Intro */ = {
			isa = PBXNativeTarget;
			buildConfigurationList = 18805F181F20790600AA3936 /* Build configuration list for PBXNativeTarget "Runtime Method IMP Intro" */;
			buildPhases = (
				18805EFE1F20790500AA3936 /* Sources */,
				18805EFF1F20790500AA3936 /* Frameworks */,
				18805F001F20790500AA3936 /* Resources */,
			);
			buildRules = (
			);
			dependencies = (
			);
			name = "Runtime Method IMP Intro";
			productName = "Runtime Method IMP Intro";
			productReference = 18805F021F20790500AA3936 /* Runtime Method IMP Intro.app */;
			productType = "com.apple.product-type.application";
		};
/* End PBXNativeTarget section */

/* Begin PBXProject section */
		18805EFA1F20790500AA3936 /* Project object */ = {
			isa = PBXProject;
			attributes = {
				LastUpgradeCheck = 0900;
				ORGANIZATIONNAME = ZY;
				TargetAttributes = {
					18805F011F20790500AA3936 = {
						CreatedOnToolsVersion = 9.0;
					};
				};
			};
			buildConfigurationList = 18805EFD1F20790500AA3936 /* Build configuration list for PBXProject "Runtime Method IMP Intro" */;
			compatibilityVersion = "Xcode 8.0";
			developmentRegion = en;
			hasScannedForEncodings = 0;
			knownRegions = (
				en,
				Base,
			);
			mainGroup = 18805EF91F20790500AA3936;
			productRefGroup = 18805F031F20790500AA3936 /* Products */;
			projectDirPath = "";
			projectRoot = "";
			targets = (
				18805F011F20790500AA3936 /* Runtime Method IMP Intro */,
			);
		};
/* End PBXProject section */

/* Begin PBXResourcesBuildPhase section */
		18805F001F20790500AA3936 /* Resources */ = {
			isa = PBXResourcesBuildPhase;
			buildActionMask = 2147483647;
			files = (
				18805F121F20790600AA3936 /* LaunchScreen.storyboard in Resources */,
				18805F0F1F20790600AA3936 /* Assets.xcassets in Resources */,
				18805F0D1F20790600AA3936 /* Main.storyboard in Resources */,
			);
			runOnlyForDeploymentPostprocessing = 0;
		};
/* End PBXResourcesBuildPhase section */

/* Begin PBXSourcesBuildPhase section */
		18805EFE1F20790500AA3936 /* Sources */ = {
			isa = PBXSourcesBuildPhase;
			buildActionMask = 2147483647;
			files = (
				18805F0A1F20790500AA3936 /* ViewController.m in Sources */,
				18805F151F20790600AA3936 /* main.m in Sources */,
				18805F071F20790500AA3936 /* AppDelegate.m in Sources */,
			);
			runOnlyForDeploymentPostprocessing = 0;
		};
/* End PBXSourcesBuildPhase section */

/* Begin PBXVariantGroup section */
		18805F0B1F20790600AA3936 /* Main.storyboard */ = {
			isa = PBXVariantGroup;
			children = (
				18805F0C1F20790600AA3936 /* Base */,
			);
			name = Main.storyboard;
			sourceTree = "<group>";
		};
		18805F101F20790600AA3936 /* LaunchScreen.storyboard */ = {
			isa = PBXVariantGroup;
			children = (
				18805F111F20790600AA3936 /* Base */,
			);
			name = LaunchScreen.storyboard;
			sourceTree = "<group>";
		};
/* End PBXVariantGroup section */

/* Begin XCBuildConfiguration section */
		18805F161F20790600AA3936 /* Debug */ = {
			isa = XCBuildConfiguration;
			buildSettings = {
				ALWAYS_SEARCH_USER_PATHS = NO;
				CLANG_ANALYZER_NONNULL = YES;
				CLANG_ANALYZER_NUMBER_OBJECT_CONVERSION = YES_AGGRESSIVE;
				CLANG_CXX_LANGUAGE_STANDARD = "gnu++14";
				CLANG_CXX_LIBRARY = "libc++";
				CLANG_ENABLE_MODULES = YES;
				CLANG_ENABLE_OBJC_ARC = YES;
				CLANG_WARN_BLOCK_CAPTURE_AUTORELEASING = YES;
				CLANG_WARN_BOOL_CONVERSION = YES;
				CLANG_WARN_COMMA = YES;
				CLANG_WARN_CONSTANT_CONVERSION = YES;
				CLANG_WARN_DIRECT_OBJC_ISA_USAGE = YES_ERROR;
				CLANG_WARN_DOCUMENTATION_COMMENTS = YES;
				CLANG_WARN_EMPTY_BODY = YES;
				CLANG_WARN_ENUM_CONVERSION = YES;
				CLANG_WARN_INFINITE_RECURSION = YES;
				CLANG_WARN_INT_CONVERSION = YES;
				CLANG_WARN_OBJC_ROOT_CLASS = YES_ERROR;
				CLANG_WARN_RANGE_LOOP_ANALYSIS = YES;
				CLANG_WARN_STRICT_PROTOTYPES = YES;
				CLANG_WARN_SUSPICIOUS_MOVE = YES;
				CLANG_WARN_UNGUARDED_AVAILABILITY = YES_AGGRESSIVE;
				CLANG_WARN_UNREACHABLE_CODE = YES;
				CLANG_WARN__DUPLICATE_METHOD_MATCH = YES;
				CODE_SIGN_IDENTITY = "iPhone Developer";
				COPY_PHASE_STRIP = NO;
				DEBUG_INFORMATION_FORMAT = dwarf;
				ENABLE_STRICT_OBJC_MSGSEND = NO;
				ENABLE_TESTABILITY = YES;
				GCC_C_LANGUAGE_STANDARD = gnu11;
				GCC_DYNAMIC_NO_PIC = NO;
				GCC_NO_COMMON_BLOCKS = YES;
				GCC_OPTIMIZATION_LEVEL = 0;
				GCC_PREPROCESSOR_DEFINITIONS = (
					"DEBUG=1",
					"$(inherited)",
				);
				GCC_WARN_64_TO_32_BIT_CONVERSION = YES;
				GCC_WARN_ABOUT_RETURN_TYPE = YES_ERROR;
				GCC_WARN_UNDECLARED_SELECTOR = YES;
				GCC_WARN_UNINITIALIZED_AUTOS = YES_AGGRESSIVE;
				GCC_WARN_UNUSED_FUNCTION = YES;
				GCC_WARN_UNUSED_VARIABLE = YES;
				IPHONEOS_DEPLOYMENT_TARGET = 11.0;
				MTL_ENABLE_DEBUG_INFO = YES;
				ONLY_ACTIVE_ARCH = YES;
				SDKROOT = iphoneos;
			};
			name = Debug;
		};
		18805F171F20790600AA3936 /* Release */ = {
			isa = XCBuildConfiguration;
			buildSettings = {
				ALWAYS_SEARCH_USER_PATHS = NO;
				CLANG_ANALYZER_NONNULL = YES;
				CLANG_ANALYZER_NUMBER_OBJECT_CONVERSION = YES_AGGRESSIVE;
				CLANG_CXX_LANGUAGE_STANDARD = "gnu++14";
				CLANG_CXX_LIBRARY = "libc++";
				CLANG_ENABLE_MODULES = YES;
				CLANG_ENABLE_OBJC_ARC = YES;
				CLANG_WARN_BLOCK_CAPTURE_AUTORELEASING = YES;
				CLANG_WARN_BOOL_CONVERSION = YES;
				CLANG_WARN_COMMA = YES;
				CLANG_WARN_CONSTANT_CONVERSION = YES;
				CLANG_WARN_DIRECT_OBJC_ISA_USAGE = YES_ERROR;
				CLANG_WARN_DOCUMENTATION_COMMENTS = YES;
				CLANG_WARN_EMPTY_BODY = YES;
				CLANG_WARN_ENUM_CONVERSION = YES;
				CLANG_WARN_INFINITE_RECURSION = YES;
				CLANG_WARN_INT_CONVERSION = YES;
				CLANG_WARN_OBJC_ROOT_CLASS = YES_ERROR;
				CLANG_WARN_RANGE_LOOP_ANALYSIS = YES;
				CLANG_WARN_STRICT_PROTOTYPES = YES;
				CLANG_WARN_SUSPICIOUS_MOVE = YES;
				CLANG_WARN_UNGUARDED_AVAILABILITY = YES_AGGRESSIVE;
				CLANG_WARN_UNREACHABLE_CODE = YES;
				CLANG_WARN__DUPLICATE_METHOD_MATCH = YES;
				CODE_SIGN_IDENTITY = "iPhone Developer";
				COPY_PHASE_STRIP = NO;
				DEBUG_INFORMATION_FORMAT = "dwarf-with-dsym";
				ENABLE_NS_ASSERTIONS = NO;
				ENABLE_STRICT_OBJC_MSGSEND = NO;
				GCC_C_LANGUAGE_STANDARD = gnu11;
				GCC_NO_COMMON_BLOCKS = YES;
				GCC_WARN_64_TO_32_BIT_CONVERSION = YES;
				GCC_WARN_ABOUT_RETURN_TYPE = YES_ERROR;
				GCC_WARN_UNDECLARED_SELECTOR = YES;
				GCC_WARN_UNINITIALIZED_AUTOS = YES_AGGRESSIVE;
				GCC_WARN_UNUSED_FUNCTION = YES;
				GCC_WARN_UNUSED_VARIABLE = YES;
				IPHONEOS_DEPLOYMENT_TARGET = 11.0;
				MTL_ENABLE_DEBUG_INFO = NO;
				SDKROOT = iphoneos;
				VALIDATE_PRODUCT = YES;
			};
			name = Release;
		};
		18805F191F20790600AA3936 /* Debug */ = {
			isa = XCBuildConfiguration;
			buildSettings = {
				ASSETCATALOG_COMPILER_APPICON_NAME = AppIcon;
				DEVELOPMENT_TEAM = XB9YNJTZ2K;
				INFOPLIST_FILE = "Runtime Method IMP Intro/Info.plist";
				LD_RUNPATH_SEARCH_PATHS = "$(inherited) @executable_path/Frameworks";
				PRODUCT_BUNDLE_IDENTIFIER = "ZY.Runtime-Method-IMP-Intro";
				PRODUCT_NAME = "$(TARGET_NAME)";
				TARGETED_DEVICE_FAMILY = "1,2";
			};
			name = Debug;
		};
		18805F1A1F20790600AA3936 /* Release */ = {
			isa = XCBuildConfiguration;
			buildSettings = {
				ASSETCATALOG_COMPILER_APPICON_NAME = AppIcon;
				DEVELOPMENT_TEAM = XB9YNJTZ2K;
				INFOPLIST_FILE = "Runtime Method IMP Intro/Info.plist";
				LD_RUNPATH_SEARCH_PATHS = "$(inherited) @executable_path/Frameworks";
				PRODUCT_BUNDLE_IDENTIFIER = "ZY.Runtime-Method-IMP-Intro";
				PRODUCT_NAME = "$(TARGET_NAME)";
				TARGETED_DEVICE_FAMILY = "1,2";
			};
			name = Release;
		};
/* End XCBuildConfiguration section */

/* Begin XCConfigurationList section */
		18805EFD1F20790500AA3936 /* Build configuration list for PBXProject "Runtime Method IMP Intro" */ = {
			isa = XCConfigurationList;
			buildConfigurations = (
				18805F161F20790600AA3936 /* Debug */,
				18805F171F20790600AA3936 /* Release */,
			);
			defaultConfigurationIsVisible = 0;
			defaultConfigurationName = Release;
		};
		18805F181F20790600AA3936 /* Build configuration list for PBXNativeTarget "Runtime Method IMP Intro" */ = {
			isa = XCConfigurationList;
			buildConfigurations = (
				18805F191F20790600AA3936 /* Debug */,
				18805F1A1F20790600AA3936 /* Release */,
			);
			defaultConfigurationIsVisible = 0;
		};
/* End XCConfigurationList section */
	};
	rootObject = 18805EFA1F20790500AA3936 /* Project object */;
}
